<?xml version="1.0" encoding="utf-8"?>
<Project ToolsVersion="4.0" xmlns="http://schemas.microsoft.com/developer/msbuild/2003">
  <ItemGroup>
    <Filter Include="Source Files">
      <UniqueIdentifier>{4FC737F1-C7A5-4376-A066-2A32D752A2FF}</UniqueIdentifier>
      <Extensions>cpp;c;cc;cxx;def;odl;idl;hpj;bat;asm;asmx</Extensions>
    </Filter>
    <Filter Include="Header Files">
      <UniqueIdentifier>{93995380-89BD-4b04-88EB-625FBE52EBFB}</UniqueIdentifier>
      <Extensions>h;hpp;hxx;hm;inl;inc;xsd</Extensions>
    </Filter>
    <Filter Include="Resource Files">
      <UniqueIdentifier>{67DA6AB6-F800-4c08-8B7A-83BB121AAD01}</UniqueIdentifier>
      <Extensions>rc;ico;cur;bmp;dlg;rc2;rct;bin;rgs;gif;jpg;jpeg;jpe;resx;tiff;tif;png;wav;mfcribbon-ms</Extensions>
    </Filter>
    <Filter Include="api">
      <UniqueIdentifier>{b427caa5-dbbd-4177-b5aa-5d2bc0606787}</UniqueIdentifier>
    </Filter>
  </ItemGroup>
  <ItemGroup>
    <Text Include="ReadMe.txt" />
  </ItemGroup>
  <ItemGroup>
    <ClInclude Include="LeanplumDemo.h">
      <Filter>Header Files</Filter>
    </ClInclude>
    <ClInclude Include="LeanplumDemoDlg.h">
      <Filter>Header Files</Filter>
    </ClInclude>
    <ClInclude Include="stdafx.h">
      <Filter>Header Files</Filter>
    </ClInclude>
    <ClInclude Include="targetver.h">
      <Filter>Header Files</Filter>
    </ClInclude>
    <ClInclude Include="Resource.h">
      <Filter>Header Files</Filter>
    </ClInclude>
    <ClInclude Include="api\InterfaceObserver.h">
      <Filter>api</Filter>
    </ClInclude>
    <ClInclude Include="api\MessageCode.h">
      <Filter>api</Filter>
    </ClInclude>
    <ClInclude Include="api\Subject.h">
      <Filter>api</Filter>
    </ClInclude>
    <ClInclude Include="leanplumsdk\Leanplum.h">
      <Filter>Header Files</Filter>
    </ClInclude>
    <ClInclude Include="leanplumsdk\LeanplumParameters.h">
      <Filter>Header Files</Filter>
    </ClInclude>
    <ClInclude Include="ShopVerADlg.h">
      <Filter>Header Files</Filter>
    </ClInclude>
    <ClInclude Include="ShopVerBDlg.h">
      <Filter>Header Files</Filter>
    </ClInclude>
    <ClInclude Include="api\GetVarsAPI.h">
      <Filter>api</Filter>
    </ClInclude>
    <ClInclude Include="api\SetVarsAPI.h">
      <Filter>api</Filter>
    </ClInclude>
    <ClInclude Include="api\StartAPI.h">
      <Filter>api</Filter>
    </ClInclude>
    <ClInclude Include="api\StopAPI.h">
      <Filter>api</Filter>
    </ClInclude>
    <ClInclude Include="api\BaseAPI.h">
      <Filter>api</Filter>
    </ClInclude>
    <ClInclude Include="api\GetAbTestAPI.h">
      <Filter>api</Filter>
    </ClInclude>
    <ClInclude Include="api\GetAbTestsAPI.h">
      <Filter>api</Filter>
    </ClInclude>
  </ItemGroup>
  <ItemGroup>
    <ClCompile Include="LeanplumDemo.cpp">
      <Filter>Source Files</Filter>
    </ClCompile>
    <ClCompile Include="LeanplumDemoDlg.cpp">
      <Filter>Source Files</Filter>
    </ClCompile>
    <ClCompile Include="stdafx.cpp">
      <Filter>Source Files</Filter>
    </ClCompile>
    <ClCompile Include="api\Subject.cpp">
      <Filter>api</Filter>
    </ClCompile>
    <ClCompile Include="leanplumsdk\Leanplum.cpp">
      <Filter>Source Files</Filter>
    </ClCompile>
    <ClCompile Include="ShopVerADlg.cpp">
      <Filter>Source Files</Filter>
    </ClCompile>
    <ClCompile Include="ShopVerBDlg.cpp">
      <Filter>Source Files</Filter>
    </ClCompile>
    <ClCompile Include="api\GetVarsAPI.cpp">
      <Filter>api</Filter>
    </ClCompile>
    <ClCompile Include="api\SetVarsAPI.cpp">
      <Filter>api</Filter>
    </ClCompile>
    <ClCompile Include="api\StartAPI.cpp">
      <Filter>api</Filter>
    </ClCompile>
    <ClCompile Include="api\StopAPI.cpp">
      <Filter>api</Filter>
    </ClCompile>
    <ClCompile Include="api\BaseAPI.cpp">
      <Filter>api</Filter>
    </ClCompile>
    <ClCompile Include="api\GetAbTestAPI.cpp">
      <Filter>api</Filter>
    </ClCompile>
    <ClCompile Include="api\GetAbTestsAPI.cpp">
      <Filter>api</Filter>
    </ClCompile>
  </ItemGroup>
  <ItemGroup>
    <ResourceCompile Include="LeanplumDemo.rc">
      <Filter>Resource Files</Filter>
    </ResourceCompile>
  </ItemGroup>
  <ItemGroup>
    <None Include="res\LeanplumDemo.rc2">
      <Filter>Resource Files</Filter>
    </None>
  </ItemGroup>
  <ItemGroup>
    <Image Include="res\LeanplumDemo.ico">
      <Filter>Resource Files</Filter>
    </Image>
    <Image Include="res\please.bmp">
      <Filter>Resource Files</Filter>
    </Image>
    <Image Include="res\index_711.png">
      <Filter>Resource Files</Filter>
    </Image>
    <Image Include="res\index_family.png">
      <Filter>Resource Files</Filter>
    </Image>
    <Image Include="res\index_kkbox.png">
      <Filter>Resource Files</Filter>
    </Image>
    <Image Include="res\index_mycard.png">
      <Filter>Resource Files</Filter>
    </Image>
  </ItemGroup>
</Project>